
Microsoft Visual Studio Solution File, Format Version 12.00
# Visual Studio 14
VisualStudioVersion = 14.0.23107.0
MinimumVisualStudioVersion = 10.0.40219.1
Project("{FAE04EC0-301F-11D3-BF4B-00C04F79EFBC}") = "Knn", "Knn\Knn.csproj", "{8A1A6697-AF78-4FB8-8FC6-EE92CE5CCF1A}"
EndProject
Project("{FAE04EC0-301F-11D3-BF4B-00C04F79EFBC}") = "ArffSharp", "ArffReader\ArffSharp.csproj", "{7F570BA3-65F5-45E6-A0BF-8A7BC3DE9989}"
EndProject
Global
	GlobalSection(SolutionConfigurationPlatforms) = preSolution
		Debug|Any CPU = Debug|Any CPU
		Release|Any CPU = Release|Any CPU
	EndGlobalSection
	GlobalSection(ProjectConfigurationPlatforms) = postSolution
		{8A1A6697-AF78-4FB8-8FC6-EE92CE5CCF1A}.Debug|Any CPU.ActiveCfg = Debug|Any CPU
		{8A1A6697-AF78-4FB8-8FC6-EE92CE5CCF1A}.Debug|Any CPU.Build.0 = Debug|Any CPU
		{8A1A6697-AF78-4FB8-8FC6-EE92CE5CCF1A}.Release|Any CPU.ActiveCfg = Release|Any CPU
		{8A1A6697-AF78-4FB8-8FC6-EE92CE5CCF1A}.Release|Any CPU.Build.0 = Release|Any CPU
		{7F570BA3-65F5-45E6-A0BF-8A7BC3DE9989}.Debug|Any CPU.ActiveCfg = Debug|Any CPU
		{7F570BA3-65F5-45E6-A0BF-8A7BC3DE9989}.Debug|Any CPU.Build.0 = Debug|Any CPU
		{7F570BA3-65F5-45E6-A0BF-8A7BC3DE9989}.Release|Any CPU.ActiveCfg = Release|Any CPU
		{7F570BA3-65F5-45E6-A0BF-8A7BC3DE9989}.Release|Any CPU.Build.0 = Release|Any CPU
	EndGlobalSection
	GlobalSection(SolutionProperties) = preSolution
		HideSolutionNode = FALSE
	EndGlobalSection
EndGlobal
